
Microsoft Visual Studio Solution File, Format Version 12.00
# Visual Studio Version 16
VisualStudioVersion = 16.0.30804.86
MinimumVisualStudioVersion = 10.0.40219.1
Project("{FAE04EC0-301F-11D3-BF4B-00C04F79EFBC}") = "Web", "Web\Web.csproj", "{E8789208-0B90-42BE-B30A-1F15D5CFC1AA}"
EndProject
Project("{FAE04EC0-301F-11D3-BF4B-00C04F79EFBC}") = "WcfService1", "WcfService1\WcfService1.csproj", "{72F1D1D6-6FEE-4B18-ADA2-CE74617DD6D1}"
EndProject
Project("{2150E333-8FDC-42A3-9474-1A3956D46DE8}") = "Services", "Services", "{F2A96344-B6CE-45CA-BDE3-75FED9F9A411}"
EndProject
Project("{FAE04EC0-301F-11D3-BF4B-00C04F79EFBC}") = "Service1", "Services\Service1\Service1.csproj", "{F341F8A5-1CC9-46F5-B281-470405DBB3D4}"
EndProject
Global
	GlobalSection(SolutionConfigurationPlatforms) = preSolution
		Debug|Any CPU = Debug|Any CPU
		Release|Any CPU = Release|Any CPU
	EndGlobalSection
	GlobalSection(ProjectConfigurationPlatforms) = postSolution
		{E8789208-0B90-42BE-B30A-1F15D5CFC1AA}.Debug|Any CPU.ActiveCfg = Debug|Any CPU
		{E8789208-0B90-42BE-B30A-1F15D5CFC1AA}.Debug|Any CPU.Build.0 = Debug|Any CPU
		{E8789208-0B90-42BE-B30A-1F15D5CFC1AA}.Release|Any CPU.ActiveCfg = Release|Any CPU
		{E8789208-0B90-42BE-B30A-1F15D5CFC1AA}.Release|Any CPU.Build.0 = Release|Any CPU
		{72F1D1D6-6FEE-4B18-ADA2-CE74617DD6D1}.Debug|Any CPU.ActiveCfg = Debug|Any CPU
		{72F1D1D6-6FEE-4B18-ADA2-CE74617DD6D1}.Debug|Any CPU.Build.0 = Debug|Any CPU
		{72F1D1D6-6FEE-4B18-ADA2-CE74617DD6D1}.Release|Any CPU.ActiveCfg = Release|Any CPU
		{72F1D1D6-6FEE-4B18-ADA2-CE74617DD6D1}.Release|Any CPU.Build.0 = Release|Any CPU
		{F341F8A5-1CC9-46F5-B281-470405DBB3D4}.Debug|Any CPU.ActiveCfg = Debug|Any CPU
		{F341F8A5-1CC9-46F5-B281-470405DBB3D4}.Debug|Any CPU.Build.0 = Debug|Any CPU
		{F341F8A5-1CC9-46F5-B281-470405DBB3D4}.Release|Any CPU.ActiveCfg = Release|Any CPU
		{F341F8A5-1CC9-46F5-B281-470405DBB3D4}.Release|Any CPU.Build.0 = Release|Any CPU
	EndGlobalSection
	GlobalSection(SolutionProperties) = preSolution
		HideSolutionNode = FALSE
	EndGlobalSection
	GlobalSection(NestedProjects) = preSolution
		{F341F8A5-1CC9-46F5-B281-470405DBB3D4} = {F2A96344-B6CE-45CA-BDE3-75FED9F9A411}
	EndGlobalSection
	GlobalSection(ExtensibilityGlobals) = postSolution
		SolutionGuid = {12537EA7-DC37-42B3-A2D0-725726594FBB}
	EndGlobalSection
EndGlobal
